Microsoft Visual Studio Solution File, Format Version 12.00
# Visual Studio Version 17
VisualStudioVersion = 17.5.2.0
MinimumVisualStudioVersion = 10.0.40219.1
Project("{FAE04EC0-301F-11D3-BF4B-00C04F79EFBC}") = "NAME_WIP_BACKEND", "NAME_WIP_BACKEND.csproj", "{4112C8A5-8120-4E27-3A33-BF710BC57B10}"
EndProject
Global
	GlobalSection(SolutionConfigurationPlatforms) = preSolution
		Debug|Any CPU = Debug|Any CPU
		Release|Any CPU = Release|Any CPU
	EndGlobalSection
	GlobalSection(ProjectConfigurationPlatforms) = postSolution
		{4112C8A5-8120-4E27-3A33-BF710BC57B10}.Debug|Any CPU.ActiveCfg = Debug|Any CPU
		{4112C8A5-8120-4E27-3A33-BF710BC57B10}.Debug|Any CPU.Build.0 = Debug|Any CPU
		{4112C8A5-8120-4E27-3A33-BF710BC57B10}.Release|Any CPU.ActiveCfg = Release|Any CPU
		{4112C8A5-8120-4E27-3A33-BF710BC57B10}.Release|Any CPU.Build.0 = Release|Any CPU
	EndGlobalSection
	GlobalSection(SolutionProperties) = preSolution
		HideSolutionNode = FALSE
	EndGlobalSection
	GlobalSection(ExtensibilityGlobals) = postSolution
		SolutionGuid = {E18FB27E-1608-46D9-ACFC-1DA0D6F58D5F}
	EndGlobalSection
EndGlobal
